PODS:
  - Bond (7.8.1):
    - Differ (~> 1.4)
    - ReactiveKit (~> 3.14)
  - Differ (1.4.5)
  - NVActivityIndicatorView (5.1.1):
    - NVActivityIndicatorView/Base (= 5.1.1)
  - NVActivityIndicatorView/Base (5.1.1)
  - ReactiveKit (3.17.4)

DEPENDENCIES:
  - Bond
  - NVActivityIndicatorView
  - ReactiveKit

SPEC REPOS:
  trunk:
    - Bond
    - Differ
    - NVActivityIndicatorView
    - ReactiveKit

SPEC CHECKSUMS:
  Bond: 87075c7f20f37ea3e73dc7057fce839787bf46eb
  Differ: 3b6bd78e2b20cc795d9a86f7641d087524e4273e
  NVActivityIndicatorView: 1f6c5687f1171810aa27a3296814dc2d7dec3667
  ReactiveKit: f9f9e079efa39312c597bf1508ef4810d111ce76

PODFILE CHECKSUM: 5d5f91e2f998dab3aa1631055b87dc34a603cc8a

COCOAPODS: 1.10.0
